
Microsoft Visual Studio Solution File, Format Version 12.00
# Visual Studio Version 17
VisualStudioVersion = 17.3.32519.111
MinimumVisualStudioVersion = 10.0.40219.1
Project("{FAE04EC0-301F-11D3-BF4B-00C04F79EFBC}") = "Agenda", "Agenda\Agenda.csproj", "{3F0804C6-3B08-49CD-A5D2-BD49C2B4A4A7}"
EndProject
Global
	GlobalSection(SolutionConfigurationPlatforms) = preSolution
		Debug|Any CPU = Debug|Any CPU
		Release|Any CPU = Release|Any CPU
	EndGlobalSection
	GlobalSection(ProjectConfigurationPlatforms) = postSolution
		{3F0804C6-3B08-49CD-A5D2-BD49C2B4A4A7}.Debug|Any CPU.ActiveCfg = Debug|Any CPU
		{3F0804C6-3B08-49CD-A5D2-BD49C2B4A4A7}.Debug|Any CPU.Build.0 = Debug|Any CPU
		{3F0804C6-3B08-49CD-A5D2-BD49C2B4A4A7}.Release|Any CPU.ActiveCfg = Release|Any CPU
		{3F0804C6-3B08-49CD-A5D2-BD49C2B4A4A7}.Release|Any CPU.Build.0 = Release|Any CPU
	EndGlobalSection
	GlobalSection(SolutionProperties) = preSolution
		HideSolutionNode = FALSE
	EndGlobalSection
	GlobalSection(ExtensibilityGlobals) = postSolution
		SolutionGuid = {901EF00C-33CC-420D-8BF1-4D99E4D7EEC8}
	EndGlobalSection
EndGlobal
